
Microsoft Visual Studio Solution File, Format Version 12.00
# Visual Studio Version 17
VisualStudioVersion = 17.11.35312.102
MinimumVisualStudioVersion = 10.0.40219.1
Project("{FAE04EC0-301F-11D3-BF4B-00C04F79EFBC}") = "Wpf_first_oop", "Wpf_first_oop\Wpf_first_oop.csproj", "{2DF9457F-5B2F-4D7F-8DC8-0A16FF05D020}"
EndProject
Global
	GlobalSection(SolutionConfigurationPlatforms) = preSolution
		Debug|Any CPU = Debug|Any CPU
		Release|Any CPU = Release|Any CPU
	EndGlobalSection
	GlobalSection(ProjectConfigurationPlatforms) = postSolution
		{2DF9457F-5B2F-4D7F-8DC8-0A16FF05D020}.Debug|Any CPU.ActiveCfg = Debug|Any CPU
		{2DF9457F-5B2F-4D7F-8DC8-0A16FF05D020}.Debug|Any CPU.Build.0 = Debug|Any CPU
		{2DF9457F-5B2F-4D7F-8DC8-0A16FF05D020}.Release|Any CPU.ActiveCfg = Release|Any CPU
		{2DF9457F-5B2F-4D7F-8DC8-0A16FF05D020}.Release|Any CPU.Build.0 = Release|Any CPU
	EndGlobalSection
	GlobalSection(SolutionProperties) = preSolution
		HideSolutionNode = FALSE
	EndGlobalSection
	GlobalSection(ExtensibilityGlobals) = postSolution
		SolutionGuid = {19703477-A62F-4654-903D-0B60E7E92F3B}
	EndGlobalSection
EndGlobal
